// !$*UTF8*$!
{
	archiveVersion = 1;
	classes = {
	};
	objectVersion = 50;
	objects = {

/* Begin PBXBuildFile section */
		4809008B24177D93003D20AC /* CUtility.h in Headers */ = {isa = PBXBuildFile; fileRef = 4809008A24177D93003D20AC /* CUtility.h */; };
		4844C1DF24131FBE00877887 /* WxTool.h in Headers */ = {isa = PBXBuildFile; fileRef = 4844C1DD24131FBE00877887 /* WxTool.h */; settings = {ATTRIBUTES = (Public, ); }; };
		4844C1E724132C5800877887 /* NSObject+WxHelper.h in Headers */ = {isa = PBXBuildFile; fileRef = 4844C1E524132C5800877887 /* NSObject+WxHelper.h */; };
		4844C1E824132C5800877887 /* NSObject+WxHelper.m in Sources */ = {isa = PBXBuildFile; fileRef = 4844C1E624132C5800877887 /* NSObject+WxHelper.m */; };
		4844C1EA24132C8200877887 /* main.m in Sources */ = {isa = PBXBuildFile; fileRef = 4844C1E924132C8200877887 /* main.m */; };
/* End PBXBuildFile section */

/* Begin PBXFileReference section */
		4809008A24177D93003D20AC /* CUtility.h */ = {isa = PBXFileReference; fileEncoding = 4; lastKnownFileType = sourcecode.c.h; path = CUtility.h; sourceTree = "<group>"; };
		4844C1DA24131FBE00877887 /* WxTool.framework */ = {isa = PBXFileReference; explicitFileType = wrapper.framework; includeInIndex = 0; path = WxTool.framework; sourceTree = BUILT_PRODUCTS_DIR; };
		4844C1DD24131FBE00877887 /* WxTool.h */ = {isa = PBXFileReference; lastKnownFileType = sourcecode.c.h; path = WxTool.h; sourceTree = "<group>"; };
		4844C1DE24131FBE00877887 /* Info.plist */ = {isa = PBXFileReference; lastKnownFileType = text.plist.xml; path = Info.plist; sourceTree = "<group>"; };
		4844C1E524132C5800877887 /* NSObject+WxHelper.h */ = {isa = PBXFileReference; lastKnownFileType = sourcecode.c.h; path = "NSObject+WxHelper.h"; sourceTree = "<group>"; };
		4844C1E624132C5800877887 /* NSObject+WxHelper.m */ = {isa = PBXFileReference; lastKnownFileType = sourcecode.c.objc; path = "NSObject+WxHelper.m"; sourceTree = "<group>"; };
		4844C1E924132C8200877887 /* main.m */ = {isa = PBXFileReference; lastKnownFileType = sourcecode.c.objc; path = main.m; sourceTree = "<group>"; };
		4844C1EC2413338B00877887 /* insert_dylib */ = {isa = PBXFileReference; lastKnownFileType = "compiled.mach-o.executable"; path = insert_dylib; sourceTree = "<group>"; };
/* End PBXFileReference section */

/* Begin PBXFrameworksBuildPhase section */
		4844C1D724131FBE00877887 /* Frameworks */ = {
			isa = PBXFrameworksBuildPhase;
			buildActionMask = 2147483647;
			files = (
			);
			runOnlyForDeploymentPostprocessing = 0;
		};
/* End PBXFrameworksBuildPhase section */

/* Begin PBXGroup section */
		4844C1D024131FBE00877887 = {
			isa = PBXGroup;
			children = (
				48AC4EB82415D93A008C22E3 /* WxHeader */,
				4844C1EC2413338B00877887 /* insert_dylib */,
				4844C1DC24131FBE00877887 /* WxTool */,
				4844C1DB24131FBE00877887 /* Products */,
			);
			sourceTree = "<group>";
		};
		4844C1DB24131FBE00877887 /* Products */ = {
			isa = PBXGroup;
			children = (
				4844C1DA24131FBE00877887 /* WxTool.framework */,
			);
			name = Products;
			sourceTree = "<group>";
		};
		4844C1DC24131FBE00877887 /* WxTool */ = {
			isa = PBXGroup;
			children = (
				4844C1DD24131FBE00877887 /* WxTool.h */,
				4844C1DE24131FBE00877887 /* Info.plist */,
				4844C1E524132C5800877887 /* NSObject+WxHelper.h */,
				4844C1E624132C5800877887 /* NSObject+WxHelper.m */,
				4844C1E924132C8200877887 /* main.m */,
			);
			path = WxTool;
			sourceTree = "<group>";
		};
		48AC4EB82415D93A008C22E3 /* WxHeader */ = {
			isa = PBXGroup;
			children = (
				4809008A24177D93003D20AC /* CUtility.h */,
			);
			path = WxHeader;
			sourceTree = "<group>";
		};
/* End PBXGroup section */

/* Begin PBXHeadersBuildPhase section */
		4844C1D524131FBE00877887 /* Headers */ = {
			isa = PBXHeadersBuildPhase;
			buildActionMask = 2147483647;
			files = (
				4844C1DF24131FBE00877887 /* WxTool.h in Headers */,
				4844C1E724132C5800877887 /* NSObject+WxHelper.h in Headers */,
				4809008B24177D93003D20AC /* CUtility.h in Headers */,
			);
			runOnlyForDeploymentPostprocessing = 0;
		};
/* End PBXHeadersBuildPhase section */

/* Begin PBXNativeTarget section */
		4844C1D924131FBE00877887 /* WxTool */ = {
			isa = PBXNativeTarget;
			buildConfigurationList = 4844C1E224131FBE00877887 /* Build configuration list for PBXNativeTarget "WxTool" */;
			buildPhases = (
				4844C1D524131FBE00877887 /* Headers */,
				4844C1D624131FBE00877887 /* Sources */,
				4844C1D724131FBE00877887 /* Frameworks */,
				4844C1D824131FBE00877887 /* Resources */,
				4844C1EB24132D8000877887 /* ShellScript */,
			);
			buildRules = (
			);
			dependencies = (
			);
			name = WxTool;
			productName = WxTool;
			productReference = 4844C1DA24131FBE00877887 /* WxTool.framework */;
			productType = "com.apple.product-type.framework";
		};
/* End PBXNativeTarget section */

/* Begin PBXProject section */
		4844C1D124131FBE00877887 /* Project object */ = {
			isa = PBXProject;
			attributes = {
				LastUpgradeCheck = 1130;
				ORGANIZATIONNAME = zmrbak;
				TargetAttributes = {
					4844C1D924131FBE00877887 = {
						CreatedOnToolsVersion = 11.3.1;
					};
				};
			};
			buildConfigurationList = 4844C1D424131FBE00877887 /* Build configuration list for PBXProject "WxTool" */;
			compatibilityVersion = "Xcode 9.3";
			developmentRegion = en;
			hasScannedForEncodings = 0;
			knownRegions = (
				en,
				Base,
			);
			mainGroup = 4844C1D024131FBE00877887;
			productRefGroup = 4844C1DB24131FBE00877887 /* Products */;
			projectDirPath = "";
			projectRoot = "";
			targets = (
				4844C1D924131FBE00877887 /* WxTool */,
			);
		};
/* End PBXProject section */

/* Begin PBXResourcesBuildPhase section */
		4844C1D824131FBE00877887 /* Resources */ = {
			isa = PBXResourcesBuildPhase;
			buildActionMask = 2147483647;
			files = (
			);
			runOnlyForDeploymentPostprocessing = 0;
		};
/* End PBXResourcesBuildPhase section */

/* Begin PBXShellScriptBuildPhase section */
		4844C1EB24132D8000877887 /* ShellScript */ = {
			isa = PBXShellScriptBuildPhase;
			buildActionMask = 2147483647;
			files = (
			);
			inputFileListPaths = (
			);
			inputPaths = (
			);
			outputFileListPaths = (
			);
			outputPaths = (
			);
			runOnlyForDeploymentPostprocessing = 0;
			shellPath = /bin/sh;
			shellScript = "# Type a script or drag a script file from your workspace to insert its path.\n# 被注入的的app名称\napp_name=\"WeChat\"\n\n# 此framework名字，这里需要按照项目名称进行修改\nframework_name=\"${PRODUCT_NAME}\"\n\n# 被注入的应用程序的目录\napp_bundle_path=\"/Applications/${app_name}.app/Contents/MacOS\"\n\n# 目标framework\napp_bundle_framework=\"/Applications/${app_name}.app/Contents/Frameworks\"\n\n# 被注入的应用程序的完整路径\napp_executable_path=\"${app_bundle_path}/${app_name}\"\n\n# 注入前，先备份一个\napp_executable_backup_path=\"${app_executable_path}_Backup\"\nif [! -f app_executable_backup_path]\nthen\ncp \"$app_executable_path\" \"$app_executable_backup_path\"\nfi\n\n# 复制当前framework\n# 先删除老的framework\nrm -rf \"${app_bundle_framework}/${framework_name}.framework\"\ncp -R \"${BUILT_PRODUCTS_DIR}/${framework_name}.framework\" ${app_bundle_framework}\n\n# 复制insert_dylib\ncp -f \"${SRCROOT}/insert_dylib\" \"${app_bundle_path}/\"\n\n# 注入动态库\n\"${app_bundle_path}/insert_dylib\" \"--weak\"  \"--all-yes\" \"@rpath/${framework_name}.framework/Versions/A/${framework_name}\" \"$app_executable_backup_path\" \"${app_executable_path}\"\n\n";
		};
/* End PBXShellScriptBuildPhase section */

/* Begin PBXSourcesBuildPhase section */
		4844C1D624131FBE00877887 /* Sources */ = {
			isa = PBXSourcesBuildPhase;
			buildActionMask = 2147483647;
			files = (
				4844C1EA24132C8200877887 /* main.m in Sources */,
				4844C1E824132C5800877887 /* NSObject+WxHelper.m in Sources */,
			);
			runOnlyForDeploymentPostprocessing = 0;
		};
/* End PBXSourcesBuildPhase section */

/* Begin XCBuildConfiguration section */
		4844C1E024131FBE00877887 /* Debug */ = {
			isa = XCBuildConfiguration;
			buildSettings = {
				ALWAYS_SEARCH_USER_PATHS = NO;
				CLANG_ANALYZER_NONNULL = YES;
				CLANG_ANALYZER_NUMBER_OBJECT_CONVERSION = YES_AGGRESSIVE;
				CLANG_CXX_LANGUAGE_STANDARD = "gnu++14";
				CLANG_CXX_LIBRARY = "libc++";
				CLANG_ENABLE_MODULES = YES;
				CLANG_ENABLE_OBJC_ARC = YES;
				CLANG_ENABLE_OBJC_WEAK = YES;
				CLANG_WARN_BLOCK_CAPTURE_AUTORELEASING = YES;
				CLANG_WARN_BOOL_CONVERSION = YES;
				CLANG_WARN_COMMA = YES;
				CLANG_WARN_CONSTANT_CONVERSION = YES;
				CLANG_WARN_DEPRECATED_OBJC_IMPLEMENTATIONS = YES;
				CLANG_WARN_DIRECT_OBJC_ISA_USAGE = YES_ERROR;
				CLANG_WARN_DOCUMENTATION_COMMENTS = YES;
				CLANG_WARN_EMPTY_BODY = YES;
				CLANG_WARN_ENUM_CONVERSION = YES;
				CLANG_WARN_INFINITE_RECURSION = YES;
				CLANG_WARN_INT_CONVERSION = YES;
				CLANG_WARN_NON_LITERAL_NULL_CONVERSION = YES;
				CLANG_WARN_OBJC_IMPLICIT_RETAIN_SELF = YES;
				CLANG_WARN_OBJC_LITERAL_CONVERSION = YES;
				CLANG_WARN_OBJC_ROOT_CLASS = YES_ERROR;
				CLANG_WARN_RANGE_LOOP_ANALYSIS = YES;
				CLANG_WARN_STRICT_PROTOTYPES = YES;
				CLANG_WARN_SUSPICIOUS_MOVE = YES;
				CLANG_WARN_UNGUARDED_AVAILABILITY = YES_AGGRESSIVE;
				CLANG_WARN_UNREACHABLE_CODE = YES;
				CLANG_WARN__DUPLICATE_METHOD_MATCH = YES;
				COPY_PHASE_STRIP = NO;
				CURRENT_PROJECT_VERSION = 1;
				DEBUG_INFORMATION_FORMAT = dwarf;
				ENABLE_STRICT_OBJC_MSGSEND = YES;
				ENABLE_TESTABILITY = YES;
				GCC_C_LANGUAGE_STANDARD = gnu11;
				GCC_DYNAMIC_NO_PIC = NO;
				GCC_NO_COMMON_BLOCKS = YES;
				GCC_OPTIMIZATION_LEVEL = 0;
				GCC_PREPROCESSOR_DEFINITIONS = (
					"DEBUG=1",
					"$(inherited)",
				);
				GCC_WARN_64_TO_32_BIT_CONVERSION = YES;
				GCC_WARN_ABOUT_RETURN_TYPE = YES_ERROR;
				GCC_WARN_UNDECLARED_SELECTOR = YES;
				GCC_WARN_UNINITIALIZED_AUTOS = YES_AGGRESSIVE;
				GCC_WARN_UNUSED_FUNCTION = YES;
				GCC_WARN_UNUSED_VARIABLE = YES;
				MACOSX_DEPLOYMENT_TARGET = 10.15;
				MTL_ENABLE_DEBUG_INFO = INCLUDE_SOURCE;
				MTL_FAST_MATH = YES;
				ONLY_ACTIVE_ARCH = YES;
				SDKROOT = macosx;
				VERSIONING_SYSTEM = "apple-generic";
				VERSION_INFO_PREFIX = "";
			};
			name = Debug;
		};
		4844C1E124131FBE00877887 /* Release */ = {
			isa = XCBuildConfiguration;
			buildSettings = {
				ALWAYS_SEARCH_USER_PATHS = NO;
				CLANG_ANALYZER_NONNULL = YES;
				CLANG_ANALYZER_NUMBER_OBJECT_CONVERSION = YES_AGGRESSIVE;
				CLANG_CXX_LANGUAGE_STANDARD = "gnu++14";
				CLANG_CXX_LIBRARY = "libc++";
				CLANG_ENABLE_MODULES = YES;
				CLANG_ENABLE_OBJC_ARC = YES;
				CLANG_ENABLE_OBJC_WEAK = YES;
				CLANG_WARN_BLOCK_CAPTURE_AUTORELEASING = YES;
				CLANG_WARN_BOOL_CONVERSION = YES;
				CLANG_WARN_COMMA = YES;
				CLANG_WARN_CONSTANT_CONVERSION = YES;
				CLANG_WARN_DEPRECATED_OBJC_IMPLEMENTATIONS = YES;
				CLANG_WARN_DIRECT_OBJC_ISA_USAGE = YES_ERROR;
				CLANG_WARN_DOCUMENTATION_COMMENTS = YES;
				CLANG_WARN_EMPTY_BODY = YES;
				CLANG_WARN_ENUM_CONVERSION = YES;
				CLANG_WARN_INFINITE_RECURSION = YES;
				CLANG_WARN_INT_CONVERSION = YES;
				CLANG_WARN_NON_LITERAL_NULL_CONVERSION = YES;
				CLANG_WARN_OBJC_IMPLICIT_RETAIN_SELF = YES;
				CLANG_WARN_OBJC_LITERAL_CONVERSION = YES;
				CLANG_WARN_OBJC_ROOT_CLASS = YES_ERROR;
				CLANG_WARN_RANGE_LOOP_ANALYSIS = YES;
				CLANG_WARN_STRICT_PROTOTYPES = YES;
				CLANG_WARN_SUSPICIOUS_MOVE = YES;
				CLANG_WARN_UNGUARDED_AVAILABILITY = YES_AGGRESSIVE;
				CLANG_WARN_UNREACHABLE_CODE = YES;
				CLANG_WARN__DUPLICATE_METHOD_MATCH = YES;
				COPY_PHASE_STRIP = NO;
				CURRENT_PROJECT_VERSION = 1;
				DEBUG_INFORMATION_FORMAT = "dwarf-with-dsym";
				ENABLE_NS_ASSERTIONS = NO;
				ENABLE_STRICT_OBJC_MSGSEND = YES;
				GCC_C_LANGUAGE_STANDARD = gnu11;
				GCC_NO_COMMON_BLOCKS = YES;
				GCC_WARN_64_TO_32_BIT_CONVERSION = YES;
				GCC_WARN_ABOUT_RETURN_TYPE = YES_ERROR;
				GCC_WARN_UNDECLARED_SELECTOR = YES;
				GCC_WARN_UNINITIALIZED_AUTOS = YES_AGGRESSIVE;
				GCC_WARN_UNUSED_FUNCTION = YES;
				GCC_WARN_UNUSED_VARIABLE = YES;
				MACOSX_DEPLOYMENT_TARGET = 10.15;
				MTL_ENABLE_DEBUG_INFO = NO;
				MTL_FAST_MATH = YES;
				SDKROOT = macosx;
				VERSIONING_SYSTEM = "apple-generic";
				VERSION_INFO_PREFIX = "";
			};
			name = Release;
		};
		4844C1E324131FBE00877887 /* Debug */ = {
			isa = XCBuildConfiguration;
			buildSettings = {
				CODE_SIGN_STYLE = Automatic;
				COMBINE_HIDPI_IMAGES = YES;
				DEFINES_MODULE = YES;
				DEVELOPMENT_TEAM = Q9F4SLKFC6;
				DYLIB_COMPATIBILITY_VERSION = 1;
				DYLIB_CURRENT_VERSION = 1;
				DYLIB_INSTALL_NAME_BASE = "@rpath";
				INFOPLIST_FILE = WxTool/Info.plist;
				INSTALL_PATH = "$(LOCAL_LIBRARY_DIR)/Frameworks";
				LD_RUNPATH_SEARCH_PATHS = (
					"$(inherited)",
					"@executable_path/../Frameworks",
					"@loader_path/Frameworks",
				);
				PRODUCT_BUNDLE_IDENTIFIER = cn.edu.cdut.zmrbak.WxTool;
				PRODUCT_NAME = "$(TARGET_NAME:c99extidentifier)";
				SKIP_INSTALL = YES;
			};
			name = Debug;
		};
		4844C1E424131FBE00877887 /* Release */ = {
			isa = XCBuildConfiguration;
			buildSettings = {
				CODE_SIGN_STYLE = Automatic;
				COMBINE_HIDPI_IMAGES = YES;
				DEFINES_MODULE = YES;
				DEVELOPMENT_TEAM = Q9F4SLKFC6;
				DYLIB_COMPATIBILITY_VERSION = 1;
				DYLIB_CURRENT_VERSION = 1;
				DYLIB_INSTALL_NAME_BASE = "@rpath";
				INFOPLIST_FILE = WxTool/Info.plist;
				INSTALL_PATH = "$(LOCAL_LIBRARY_DIR)/Frameworks";
				LD_RUNPATH_SEARCH_PATHS = (
					"$(inherited)",
					"@executable_path/../Frameworks",
					"@loader_path/Frameworks",
				);
				PRODUCT_BUNDLE_IDENTIFIER = cn.edu.cdut.zmrbak.WxTool;
				PRODUCT_NAME = "$(TARGET_NAME:c99extidentifier)";
				SKIP_INSTALL = YES;
			};
			name = Release;
		};
/* End XCBuildConfiguration section */

/* Begin XCConfigurationList section */
		4844C1D424131FBE00877887 /* Build configuration list for PBXProject "WxTool" */ = {
			isa = XCConfigurationList;
			buildConfigurations = (
				4844C1E024131FBE00877887 /* Debug */,
				4844C1E124131FBE00877887 /* Release */,
			);
			defaultConfigurationIsVisible = 0;
			defaultConfigurationName = Release;
		};
		4844C1E224131FBE00877887 /* Build configuration list for PBXNativeTarget "WxTool" */ = {
			isa = XCConfigurationList;
			buildConfigurations = (
				4844C1E324131FBE00877887 /* Debug */,
				4844C1E424131FBE00877887 /* Release */,
			);
			defaultConfigurationIsVisible = 0;
			defaultConfigurationName = Release;
		};
/* End XCConfigurationList section */
	};
	rootObject = 4844C1D124131FBE00877887 /* Project object */;
}
